lockfileVersion: 5.4

specifiers:
  '@types/lodash': ^4.14.185
  gsap: ^3.11.1
  lodash: ^4.17.21

dependencies:
  gsap: 3.11.1
  lodash: 4.17.21

devDependencies:
  '@types/lodash': 4.14.185

packages:

  /@types/lodash/4.14.185:
    resolution: {integrity: sha512-evMDG1bC4rgQg4ku9tKpuMh5iBNEwNa3tf9zRHdP1qlv+1WUg44xat4IxCE14gIpZRGUUWAx2VhItCZc25NfMA==}
    dev: true

  /gsap/3.11.1:
    resolution: {integrity: sha512-UKuJ0UPhntFHMwT6URFQ4cTQv88xc7Kd9Dhxt7qX9IPhC+d+/a5wKW5E5Vn33hZ53nBI1JfApcEbzKgXkcuPZw==}
    dev: false

  /lodash/4.17.21:
    resolution: {integrity: sha512-v2kDEe57lecTulaDIuNTPy3Ry4gLGJ6Z1O3vE1krgXZNrsQ+LFTGHVxVjcXPs17LhbZVGedAJv8XZ1tvj5FvSg==}
    dev: false
