lockfileVersion: 5.4

specifiers:
  '@types/lodash': ^4.14.185
  echarts: ^5.3.3
  echarts-gl: ^2.0.9
  gsap: ^3.11.1
  lodash: ^4.17.21

dependencies:
  echarts: 5.3.3
  echarts-gl: 2.0.9_echarts@5.3.3
  gsap: 3.11.1
  lodash: 4.17.21

devDependencies:
  '@types/lodash': 4.14.185

packages:

  /@types/lodash/4.14.185:
    resolution: {integrity: sha512-evMDG1bC4rgQg4ku9tKpuMh5iBNEwNa3tf9zRHdP1qlv+1WUg44xat4IxCE14gIpZRGUUWAx2VhItCZc25NfMA==}
    dev: true

  /claygl/1.3.0:
    resolution: {integrity: sha512-+gGtJjT6SSHD2l2yC3MCubW/sCV40tZuSs5opdtn79vFSGUgp/lH139RNEQ6Jy078/L0aV8odCw8RSrUcMfLaQ==}
    dev: false

  /echarts-gl/2.0.9_echarts@5.3.3:
    resolution: {integrity: sha512-oKeMdkkkpJGWOzjgZUsF41DOh6cMsyrGGXimbjK2l6Xeq/dBQu4ShG2w2Dzrs/1bD27b2pLTGSaUzouY191gzA==}
    peerDependencies:
      echarts: ^5.1.2
    dependencies:
      claygl: 1.3.0
      echarts: 5.3.3
      zrender: 5.3.2
    dev: false

  /echarts/5.3.3:
    resolution: {integrity: sha512-BRw2serInRwO5SIwRviZ6Xgm5Lb7irgz+sLiFMmy/HOaf4SQ+7oYqxKzRHAKp4xHQ05AuHw1xvoQWJjDQq/FGw==}
    dependencies:
      tslib: 2.3.0
      zrender: 5.3.2
    dev: false

  /gsap/3.11.1:
    resolution: {integrity: sha512-UKuJ0UPhntFHMwT6URFQ4cTQv88xc7Kd9Dhxt7qX9IPhC+d+/a5wKW5E5Vn33hZ53nBI1JfApcEbzKgXkcuPZw==}
    dev: false

  /lodash/4.17.21:
    resolution: {integrity: sha512-v2kDEe57lecTulaDIuNTPy3Ry4gLGJ6Z1O3vE1krgXZNrsQ+LFTGHVxVjcXPs17LhbZVGedAJv8XZ1tvj5FvSg==}
    dev: false

  /tslib/2.3.0:
    resolution: {integrity: sha512-N82ooyxVNm6h1riLCoyS9e3fuJ3AMG2zIZs2Gd1ATcSFjSA23Q0fzjjZeh0jbJvWVDZ0cJT8yaNNaaXHzueNjg==}
    dev: false

  /zrender/5.3.2:
    resolution: {integrity: sha512-8IiYdfwHj2rx0UeIGZGGU4WEVSDEdeVCaIg/fomejg1Xu6OifAL1GVzIPHg2D+MyUkbNgPWji90t0a8IDk+39w==}
    dependencies:
      tslib: 2.3.0
    dev: false
